<?xml version="1.0" encoding="utf-8"?>
<Project ToolsVersion="4.0" xmlns="http://schemas.microsoft.com/developer/msbuild/2003">
  <ItemGroup>
    <Filter Include="_Framework">
      <UniqueIdentifier>{a98a8fc9-5048-4168-9b1d-3b46da7d1adf}</UniqueIdentifier>
    </Filter>
    <Filter Include="src">
      <UniqueIdentifier>{f37c22b8-9db2-4b23-bf5a-a4f8b782ed57}</UniqueIdentifier>
    </Filter>
    <Filter Include="include">
      <UniqueIdentifier>{35b8bd28-1f63-4f1a-8efe-8359497b16ad}</UniqueIdentifier>
    </Filter>
  </ItemGroup>
  <ItemGroup>
    <ClCompile Include="src\AnimTime.cpp">
      <Filter>src</Filter>
    </ClCompile>
    <ClCompile Include="src\AnimTimer.cpp">
      <Filter>src</Filter>
    </ClCompile>
    <ClCompile Include="src\AnimTimer_win32.cpp">
      <Filter>src</Filter>
    </ClCompile>
  </ItemGroup>
  <ItemGroup>
    <ClInclude Include="..\Framework\Framework.h">
      <Filter>_Framework</Filter>
    </ClInclude>
    <ClInclude Include="..\Framework\ProjectSettings.h">
      <Filter>_Framework</Filter>
    </ClInclude>
    <ClInclude Include="..\Framework\ThreadFramework.h">
      <Filter>_Framework</Filter>
    </ClInclude>
    <ClInclude Include="include\AnimTime.h">
      <Filter>include</Filter>
    </ClInclude>
    <ClInclude Include="include\AnimTimer.h">
      <Filter>include</Filter>
    </ClInclude>
  </ItemGroup>
  <ItemGroup>
    <None Include="..\Framework\__DO NOT MODIFY__">
      <Filter>_Framework</Filter>
    </None>
  </ItemGroup>
</Project>